{
  "name": "interpolation-buffer",
  "version": "1.0.0",
  "lockfileVersion": 2,
  "requires": true,
  "packages": {
    "": {
      "name": "interpolation-buffer",
      "version": "1.0.0",
      "license": "MIT",
      "dependencies": {
        "@fadoli/node-fast-running-stats": "^1.0.3"
      },
      "devDependencies": {
        "typescript": "^4.5.5"
      }
    },
    "node_modules/@fadoli/node-fast-running-stats": {
      "version": "1.0.3",
      "resolved": "https://registry.npmjs.org/@fadoli/node-fast-running-stats/-/node-fast-running-stats-1.0.3.tgz",
      "integrity": "sha512-ucNwxAlZR1Z/lp98k1EbRoG7cVxwsVki/z9xJZzbunhJKtlNJgaFn8qeHkWqjBe50oYLcs6XU1QkizTpPxXCvw==",
      "engines": {
        "node": ">=14"
      }
    },
    "node_modules/typescript": {
      "version": "4.5.5",
      "resolved": "https://registry.npmjs.org/typescript/-/typescript-4.5.5.tgz",
      "integrity": "sha512-TCTIul70LyWe6IJWT8QSYeA54WQe8EjQFU4wY52Fasj5UKx88LNYKCgBEHcOMOrFF1rKGbD8v/xcNWVUq9SymA==",
      "dev": true,
      "bin": {
        "tsc": "bin/tsc",
        "tsserver": "bin/tsserver"
      },
      "engines": {
        "node": ">=4.2.0"
      }
    }
  },
  "dependencies": {
    "@fadoli/node-fast-running-stats": {
      "version": "1.0.3",
      "resolved": "https://registry.npmjs.org/@fadoli/node-fast-running-stats/-/node-fast-running-stats-1.0.3.tgz",
      "integrity": "sha512-ucNwxAlZR1Z/lp98k1EbRoG7cVxwsVki/z9xJZzbunhJKtlNJgaFn8qeHkWqjBe50oYLcs6XU1QkizTpPxXCvw=="
    },
    "typescript": {
      "version": "4.5.5",
      "resolved": "https://registry.npmjs.org/typescript/-/typescript-4.5.5.tgz",
      "integrity": "sha512-TCTIul70LyWe6IJWT8QSYeA54WQe8EjQFU4wY52Fasj5UKx88LNYKCgBEHcOMOrFF1rKGbD8v/xcNWVUq9SymA==",
      "dev": true
    }
  }
}
